
Microsoft Visual Studio Solution File, Format Version 12.00
# Visual Studio Version 17
VisualStudioVersion = 17.3.32922.545
MinimumVisualStudioVersion = 10.0.40219.1
Project("{FAE04EC0-301F-11D3-BF4B-00C04F79EFBC}") = "TARgv21MobileApp.Android", "TARgv21MobileApp\TARgv21MobileApp.Android\TARgv21MobileApp.Android.csproj", "{BAACE9CC-5337-4075-B765-4A2E84663458}"
EndProject
Project("{FAE04EC0-301F-11D3-BF4B-00C04F79EFBC}") = "TARgv21MobileApp", "TARgv21MobileApp\TARgv21MobileApp\TARgv21MobileApp.csproj", "{6C36B52E-8271-4B5F-AE07-0744E9B3F985}"
EndProject
Global
	GlobalSection(SolutionConfigurationPlatforms) = preSolution
		Debug|Any CPU = Debug|Any CPU
		Release|Any CPU = Release|Any CPU
	EndGlobalSection
	GlobalSection(ProjectConfigurationPlatforms) = postSolution
		{BAACE9CC-5337-4075-B765-4A2E84663458}.Debug|Any CPU.ActiveCfg = Debug|Any CPU
		{BAACE9CC-5337-4075-B765-4A2E84663458}.Debug|Any CPU.Build.0 = Debug|Any CPU
		{BAACE9CC-5337-4075-B765-4A2E84663458}.Debug|Any CPU.Deploy.0 = Debug|Any CPU
		{BAACE9CC-5337-4075-B765-4A2E84663458}.Release|Any CPU.ActiveCfg = Release|Any CPU
		{BAACE9CC-5337-4075-B765-4A2E84663458}.Release|Any CPU.Build.0 = Release|Any CPU
		{BAACE9CC-5337-4075-B765-4A2E84663458}.Release|Any CPU.Deploy.0 = Release|Any CPU
		{6C36B52E-8271-4B5F-AE07-0744E9B3F985}.Debug|Any CPU.ActiveCfg = Debug|Any CPU
		{6C36B52E-8271-4B5F-AE07-0744E9B3F985}.Debug|Any CPU.Build.0 = Debug|Any CPU
		{6C36B52E-8271-4B5F-AE07-0744E9B3F985}.Debug|Any CPU.Deploy.0 = Debug|Any CPU
		{6C36B52E-8271-4B5F-AE07-0744E9B3F985}.Release|Any CPU.ActiveCfg = Release|Any CPU
		{6C36B52E-8271-4B5F-AE07-0744E9B3F985}.Release|Any CPU.Build.0 = Release|Any CPU
		{6C36B52E-8271-4B5F-AE07-0744E9B3F985}.Release|Any CPU.Deploy.0 = Release|Any CPU
	EndGlobalSection
	GlobalSection(SolutionProperties) = preSolution
		HideSolutionNode = FALSE
	EndGlobalSection
	GlobalSection(ExtensibilityGlobals) = postSolution
		SolutionGuid = {995AA4AE-4BCF-488F-974B-4B1775B0DC7A}
	EndGlobalSection
EndGlobal
